
Microsoft Visual Studio Solution File, Format Version 12.00
# Visual Studio Version 17
VisualStudioVersion = 17.2.32630.192
MinimumVisualStudioVersion = 10.0.40219.1
Project("{9A19103F-16F7-4668-BE54-9A1E7A4F7556}") = "F10Y.Z0006", "F10Y.Z0006\F10Y.Z0006.csproj", "{5FBA4708-58BC-4697-8A78-A642BFD2B464}"
EndProject
Global
	GlobalSection(SolutionConfigurationPlatforms) = preSolution
		Debug|Any CPU = Debug|Any CPU
		Release|Any CPU = Release|Any CPU
	EndGlobalSection
	GlobalSection(ProjectConfigurationPlatforms) = postSolution
		{5FBA4708-58BC-4697-8A78-A642BFD2B464}.Debug|Any CPU.ActiveCfg = Debug|Any CPU
		{5FBA4708-58BC-4697-8A78-A642BFD2B464}.Debug|Any CPU.Build.0 = Debug|Any CPU
		{5FBA4708-58BC-4697-8A78-A642BFD2B464}.Release|Any CPU.ActiveCfg = Release|Any CPU
		{5FBA4708-58BC-4697-8A78-A642BFD2B464}.Release|Any CPU.Build.0 = Release|Any CPU
	EndGlobalSection
	GlobalSection(SolutionProperties) = preSolution
		HideSolutionNode = FALSE
	EndGlobalSection
	GlobalSection(ExtensibilityGlobals) = postSolution
		SolutionGuid = {686E98DB-F3F3-4DA3-A371-FEE20DACB4DB}
	EndGlobalSection
EndGlobal
