
Microsoft Visual Studio Solution File, Format Version 12.00
# Visual Studio Version 17
VisualStudioVersion = 17.2.32630.192
MinimumVisualStudioVersion = 10.0.40219.1
Project("{9A19103F-16F7-4668-BE54-9A1E7A4F7556}") = "F10Y.Z0006.Construction", "F10Y.Z0006.Construction\F10Y.Z0006.Construction.csproj", "{923417EC-D057-4043-A715-5D9DB6853217}"
EndProject
Project("{9A19103F-16F7-4668-BE54-9A1E7A4F7556}") = "F10Y.Z0006", "F10Y.Z0006\F10Y.Z0006.csproj", "{FF121E6E-25CE-4F75-A14F-A0699D49FAED}"
EndProject
Project("{9A19103F-16F7-4668-BE54-9A1E7A4F7556}") = "F10Y.Z0006.Z001", "F10Y.Z0006.Z001\F10Y.Z0006.Z001.csproj", "{CC09E26B-FCE3-4225-BB6C-1C641772C410}"
EndProject
Project("{2150E333-8FDC-42A3-9474-1A3956D46DE8}") = "_Dependencies", "_Dependencies", "{E083963A-317C-48AB-860A-12CBAB873D8C}"
EndProject
Project("{9A19103F-16F7-4668-BE54-9A1E7A4F7556}") = "F10Y.L0000", "..\..\F10Y.L0000\source\F10Y.L0000\F10Y.L0000.csproj", "{34C84ECA-C45C-4EFD-BEF6-4E0A4AEDA6FE}"
EndProject
Project("{9A19103F-16F7-4668-BE54-9A1E7A4F7556}") = "F10Y.L0001.T000", "..\..\F10Y.L0001\source\F10Y.L0001.T000\F10Y.L0001.T000.csproj", "{9FFB9FD6-1706-4FB3-90CD-B01C29F9EFD6}"
EndProject
Project("{9A19103F-16F7-4668-BE54-9A1E7A4F7556}") = "F10Y.L0005.T001", "..\..\F10Y.L0005\source\F10Y.L0005.T001\F10Y.L0005.T001.csproj", "{98382D7B-BAAB-4BCE-9299-04DF4B35FA12}"
EndProject
Project("{9A19103F-16F7-4668-BE54-9A1E7A4F7556}") = "F10Y.L0008.T001", "..\..\F10Y.L0008\source\F10Y.L0008.T001\F10Y.L0008.T001.csproj", "{7E319399-3756-4789-A424-BC3971AAA52B}"
EndProject
Project("{9A19103F-16F7-4668-BE54-9A1E7A4F7556}") = "F10Y.L0008.Z000", "..\..\F10Y.L0008\source\F10Y.L0008.Z000\F10Y.L0008.Z000.csproj", "{47AC7F25-8FEA-43FF-8E35-78E0BDCE69E9}"
EndProject
Project("{9A19103F-16F7-4668-BE54-9A1E7A4F7556}") = "F10Y.L0026.T000", "..\..\F10Y.L0026\source\F10Y.L0026.T000\F10Y.L0026.T000.csproj", "{FCF19096-87D7-48FE-A9A7-191754A275C7}"
EndProject
Project("{9A19103F-16F7-4668-BE54-9A1E7A4F7556}") = "F10Y.L0026.T001", "..\..\F10Y.L0026\source\F10Y.L0026.T001\F10Y.L0026.T001.csproj", "{7EB0EACA-493B-4765-B00E-4276034DD494}"
EndProject
Project("{9A19103F-16F7-4668-BE54-9A1E7A4F7556}") = "F10Y.L0026.Y000", "..\..\F10Y.L0026\source\F10Y.L0026.Y000\F10Y.L0026.Y000.csproj", "{2E28FEDD-36A8-46B5-8798-5FE88E4576E1}"
EndProject
Project("{9A19103F-16F7-4668-BE54-9A1E7A4F7556}") = "F10Y.L0062.L001.T000", "..\..\F10Y.L0062\source\F10Y.L0062.L001.T000\F10Y.L0062.L001.T000.csproj", "{F8F675B9-EC3B-4727-A265-B7A956BF4551}"
EndProject
Project("{9A19103F-16F7-4668-BE54-9A1E7A4F7556}") = "F10Y.L0062.T001", "..\..\F10Y.L0062\source\F10Y.L0062.T001\F10Y.L0062.T001.csproj", "{7E27E043-22C3-41C2-96CA-2FD1354C3D6B}"
EndProject
Project("{9A19103F-16F7-4668-BE54-9A1E7A4F7556}") = "F10Y.T0000", "..\..\F10Y.T0000\source\F10Y.T0000\F10Y.T0000.csproj", "{6CC5D6E4-8BDE-4453-B468-454B83DFC9A1}"
EndProject
Project("{9A19103F-16F7-4668-BE54-9A1E7A4F7556}") = "F10Y.T0001", "..\..\F10Y.T0001\source\F10Y.T0001\F10Y.T0001.csproj", "{74F318CD-5D32-4A79-9C38-9808B7B1CBB6}"
EndProject
Project("{9A19103F-16F7-4668-BE54-9A1E7A4F7556}") = "F10Y.T0002", "..\..\F10Y.T0002\source\F10Y.T0002\F10Y.T0002.csproj", "{BC8D0386-CEF5-4303-BEF1-FF8122FEA7EA}"
EndProject
Project("{9A19103F-16F7-4668-BE54-9A1E7A4F7556}") = "F10Y.T0003", "..\..\F10Y.T0003\source\F10Y.T0003\F10Y.T0003.csproj", "{758449F8-744A-4110-B914-C37CA188B8C7}"
EndProject
Project("{9A19103F-16F7-4668-BE54-9A1E7A4F7556}") = "F10Y.T0004", "..\..\F10Y.T0004\source\F10Y.T0004\F10Y.T0004.csproj", "{00FB810C-CA04-49BD-8937-A53CA2FE27E3}"
EndProject
Project("{9A19103F-16F7-4668-BE54-9A1E7A4F7556}") = "F10Y.T0009", "..\..\F10Y.T0009\source\F10Y.T0009\F10Y.T0009.csproj", "{4BD0EA6B-7245-474F-9571-17E8F696CA90}"
EndProject
Project("{9A19103F-16F7-4668-BE54-9A1E7A4F7556}") = "F10Y.T0011", "..\..\F10Y.T0011\source\F10Y.T0011\F10Y.T0011.csproj", "{755F96E6-2F5D-4183-925D-B38F09F8A150}"
EndProject
Project("{9A19103F-16F7-4668-BE54-9A1E7A4F7556}") = "F10Y.Y0000", "..\..\F10Y.Y0000\source\F10Y.Y0000\F10Y.Y0000.csproj", "{3A428237-B126-4631-A3B6-E677E927C609}"
EndProject
Project("{9A19103F-16F7-4668-BE54-9A1E7A4F7556}") = "F10Y.Z0006.Z002", "F10Y.Z0006.Z002\F10Y.Z0006.Z002.csproj", "{2AE70AFA-D398-473F-B63E-3A6DFB9835C9}"
EndProject
Project("{9A19103F-16F7-4668-BE54-9A1E7A4F7556}") = "F10Y.Z0009", "..\..\F10Y.Z0009\source\F10Y.Z0009\F10Y.Z0009.csproj", "{3CC1B44C-1945-467F-BB21-916A2199DD83}"
EndProject
Project("{9A19103F-16F7-4668-BE54-9A1E7A4F7556}") = "F10Y.L0026.T002", "..\..\F10Y.L0026\source\F10Y.L0026.T002\F10Y.L0026.T002.csproj", "{75F6B104-7F39-400A-AD85-F06158AC746D}"
EndProject
Project("{9A19103F-16F7-4668-BE54-9A1E7A4F7556}") = "F10Y.L0062.L002.T000", "..\..\F10Y.L0062\source\F10Y.L0062.L002.T000\F10Y.L0062.L002.T000.csproj", "{08B083BE-63B5-4057-954B-639D5A11C3F5}"
EndProject
Project("{9A19103F-16F7-4668-BE54-9A1E7A4F7556}") = "F10Y.L0062.L002.Z000", "..\..\F10Y.L0062\source\F10Y.L0062.L002.Z000\F10Y.L0062.L002.Z000.csproj", "{107A689B-891E-4659-BF2D-9827D5E33844}"
EndProject
Global
	GlobalSection(NestedProjects) = preSolution
		{34C84ECA-C45C-4EFD-BEF6-4E0A4AEDA6FE} = {E083963A-317C-48AB-860A-12CBAB873D8C}
		{9FFB9FD6-1706-4FB3-90CD-B01C29F9EFD6} = {E083963A-317C-48AB-860A-12CBAB873D8C}
		{98382D7B-BAAB-4BCE-9299-04DF4B35FA12} = {E083963A-317C-48AB-860A-12CBAB873D8C}
		{7E319399-3756-4789-A424-BC3971AAA52B} = {E083963A-317C-48AB-860A-12CBAB873D8C}
		{47AC7F25-8FEA-43FF-8E35-78E0BDCE69E9} = {E083963A-317C-48AB-860A-12CBAB873D8C}
		{FCF19096-87D7-48FE-A9A7-191754A275C7} = {E083963A-317C-48AB-860A-12CBAB873D8C}
		{7EB0EACA-493B-4765-B00E-4276034DD494} = {E083963A-317C-48AB-860A-12CBAB873D8C}
		{2E28FEDD-36A8-46B5-8798-5FE88E4576E1} = {E083963A-317C-48AB-860A-12CBAB873D8C}
		{F8F675B9-EC3B-4727-A265-B7A956BF4551} = {E083963A-317C-48AB-860A-12CBAB873D8C}
		{7E27E043-22C3-41C2-96CA-2FD1354C3D6B} = {E083963A-317C-48AB-860A-12CBAB873D8C}
		{6CC5D6E4-8BDE-4453-B468-454B83DFC9A1} = {E083963A-317C-48AB-860A-12CBAB873D8C}
		{74F318CD-5D32-4A79-9C38-9808B7B1CBB6} = {E083963A-317C-48AB-860A-12CBAB873D8C}
		{BC8D0386-CEF5-4303-BEF1-FF8122FEA7EA} = {E083963A-317C-48AB-860A-12CBAB873D8C}
		{758449F8-744A-4110-B914-C37CA188B8C7} = {E083963A-317C-48AB-860A-12CBAB873D8C}
		{00FB810C-CA04-49BD-8937-A53CA2FE27E3} = {E083963A-317C-48AB-860A-12CBAB873D8C}
		{4BD0EA6B-7245-474F-9571-17E8F696CA90} = {E083963A-317C-48AB-860A-12CBAB873D8C}
		{755F96E6-2F5D-4183-925D-B38F09F8A150} = {E083963A-317C-48AB-860A-12CBAB873D8C}
		{3A428237-B126-4631-A3B6-E677E927C609} = {E083963A-317C-48AB-860A-12CBAB873D8C}
		{3CC1B44C-1945-467F-BB21-916A2199DD83} = {E083963A-317C-48AB-860A-12CBAB873D8C}
		{75F6B104-7F39-400A-AD85-F06158AC746D} = {E083963A-317C-48AB-860A-12CBAB873D8C}
		{08B083BE-63B5-4057-954B-639D5A11C3F5} = {E083963A-317C-48AB-860A-12CBAB873D8C}
		{107A689B-891E-4659-BF2D-9827D5E33844} = {E083963A-317C-48AB-860A-12CBAB873D8C}
	EndGlobalSection
	GlobalSection(SolutionConfigurationPlatforms) = preSolution
		Debug|Any CPU = Debug|Any CPU
		Release|Any CPU = Release|Any CPU
	EndGlobalSection
	GlobalSection(ProjectConfigurationPlatforms) = postSolution
		{923417EC-D057-4043-A715-5D9DB6853217}.Debug|Any CPU.ActiveCfg = Debug|Any CPU
		{923417EC-D057-4043-A715-5D9DB6853217}.Debug|Any CPU.Build.0 = Debug|Any CPU
		{923417EC-D057-4043-A715-5D9DB6853217}.Release|Any CPU.ActiveCfg = Release|Any CPU
		{923417EC-D057-4043-A715-5D9DB6853217}.Release|Any CPU.Build.0 = Release|Any CPU
		{FF121E6E-25CE-4F75-A14F-A0699D49FAED}.Debug|Any CPU.ActiveCfg = Debug|Any CPU
		{FF121E6E-25CE-4F75-A14F-A0699D49FAED}.Debug|Any CPU.Build.0 = Debug|Any CPU
		{FF121E6E-25CE-4F75-A14F-A0699D49FAED}.Release|Any CPU.ActiveCfg = Release|Any CPU
		{FF121E6E-25CE-4F75-A14F-A0699D49FAED}.Release|Any CPU.Build.0 = Release|Any CPU
		{CC09E26B-FCE3-4225-BB6C-1C641772C410}.Debug|Any CPU.ActiveCfg = Debug|Any CPU
		{CC09E26B-FCE3-4225-BB6C-1C641772C410}.Debug|Any CPU.Build.0 = Debug|Any CPU
		{CC09E26B-FCE3-4225-BB6C-1C641772C410}.Release|Any CPU.ActiveCfg = Release|Any CPU
		{CC09E26B-FCE3-4225-BB6C-1C641772C410}.Release|Any CPU.Build.0 = Release|Any CPU
		{34C84ECA-C45C-4EFD-BEF6-4E0A4AEDA6FE}.Debug|Any CPU.ActiveCfg = Debug|Any CPU
		{34C84ECA-C45C-4EFD-BEF6-4E0A4AEDA6FE}.Debug|Any CPU.Build.0 = Debug|Any CPU
		{34C84ECA-C45C-4EFD-BEF6-4E0A4AEDA6FE}.Release|Any CPU.ActiveCfg = Release|Any CPU
		{34C84ECA-C45C-4EFD-BEF6-4E0A4AEDA6FE}.Release|Any CPU.Build.0 = Release|Any CPU
		{9FFB9FD6-1706-4FB3-90CD-B01C29F9EFD6}.Debug|Any CPU.ActiveCfg = Debug|Any CPU
		{9FFB9FD6-1706-4FB3-90CD-B01C29F9EFD6}.Debug|Any CPU.Build.0 = Debug|Any CPU
		{9FFB9FD6-1706-4FB3-90CD-B01C29F9EFD6}.Release|Any CPU.ActiveCfg = Release|Any CPU
		{9FFB9FD6-1706-4FB3-90CD-B01C29F9EFD6}.Release|Any CPU.Build.0 = Release|Any CPU
		{98382D7B-BAAB-4BCE-9299-04DF4B35FA12}.Debug|Any CPU.ActiveCfg = Debug|Any CPU
		{98382D7B-BAAB-4BCE-9299-04DF4B35FA12}.Debug|Any CPU.Build.0 = Debug|Any CPU
		{98382D7B-BAAB-4BCE-9299-04DF4B35FA12}.Release|Any CPU.ActiveCfg = Release|Any CPU
		{98382D7B-BAAB-4BCE-9299-04DF4B35FA12}.Release|Any CPU.Build.0 = Release|Any CPU
		{7E319399-3756-4789-A424-BC3971AAA52B}.Debug|Any CPU.ActiveCfg = Debug|Any CPU
		{7E319399-3756-4789-A424-BC3971AAA52B}.Debug|Any CPU.Build.0 = Debug|Any CPU
		{7E319399-3756-4789-A424-BC3971AAA52B}.Release|Any CPU.ActiveCfg = Release|Any CPU
		{7E319399-3756-4789-A424-BC3971AAA52B}.Release|Any CPU.Build.0 = Release|Any CPU
		{47AC7F25-8FEA-43FF-8E35-78E0BDCE69E9}.Debug|Any CPU.ActiveCfg = Debug|Any CPU
		{47AC7F25-8FEA-43FF-8E35-78E0BDCE69E9}.Debug|Any CPU.Build.0 = Debug|Any CPU
		{47AC7F25-8FEA-43FF-8E35-78E0BDCE69E9}.Release|Any CPU.ActiveCfg = Release|Any CPU
		{47AC7F25-8FEA-43FF-8E35-78E0BDCE69E9}.Release|Any CPU.Build.0 = Release|Any CPU
		{FCF19096-87D7-48FE-A9A7-191754A275C7}.Debug|Any CPU.ActiveCfg = Debug|Any CPU
		{FCF19096-87D7-48FE-A9A7-191754A275C7}.Debug|Any CPU.Build.0 = Debug|Any CPU
		{FCF19096-87D7-48FE-A9A7-191754A275C7}.Release|Any CPU.ActiveCfg = Release|Any CPU
		{FCF19096-87D7-48FE-A9A7-191754A275C7}.Release|Any CPU.Build.0 = Release|Any CPU
		{7EB0EACA-493B-4765-B00E-4276034DD494}.Debug|Any CPU.ActiveCfg = Debug|Any CPU
		{7EB0EACA-493B-4765-B00E-4276034DD494}.Debug|Any CPU.Build.0 = Debug|Any CPU
		{7EB0EACA-493B-4765-B00E-4276034DD494}.Release|Any CPU.ActiveCfg = Release|Any CPU
		{7EB0EACA-493B-4765-B00E-4276034DD494}.Release|Any CPU.Build.0 = Release|Any CPU
		{2E28FEDD-36A8-46B5-8798-5FE88E4576E1}.Debug|Any CPU.ActiveCfg = Debug|Any CPU
		{2E28FEDD-36A8-46B5-8798-5FE88E4576E1}.Debug|Any CPU.Build.0 = Debug|Any CPU
		{2E28FEDD-36A8-46B5-8798-5FE88E4576E1}.Release|Any CPU.ActiveCfg = Release|Any CPU
		{2E28FEDD-36A8-46B5-8798-5FE88E4576E1}.Release|Any CPU.Build.0 = Release|Any CPU
		{F8F675B9-EC3B-4727-A265-B7A956BF4551}.Debug|Any CPU.ActiveCfg = Debug|Any CPU
		{F8F675B9-EC3B-4727-A265-B7A956BF4551}.Debug|Any CPU.Build.0 = Debug|Any CPU
		{F8F675B9-EC3B-4727-A265-B7A956BF4551}.Release|Any CPU.ActiveCfg = Release|Any CPU
		{F8F675B9-EC3B-4727-A265-B7A956BF4551}.Release|Any CPU.Build.0 = Release|Any CPU
		{7E27E043-22C3-41C2-96CA-2FD1354C3D6B}.Debug|Any CPU.ActiveCfg = Debug|Any CPU
		{7E27E043-22C3-41C2-96CA-2FD1354C3D6B}.Debug|Any CPU.Build.0 = Debug|Any CPU
		{7E27E043-22C3-41C2-96CA-2FD1354C3D6B}.Release|Any CPU.ActiveCfg = Release|Any CPU
		{7E27E043-22C3-41C2-96CA-2FD1354C3D6B}.Release|Any CPU.Build.0 = Release|Any CPU
		{6CC5D6E4-8BDE-4453-B468-454B83DFC9A1}.Debug|Any CPU.ActiveCfg = Debug|Any CPU
		{6CC5D6E4-8BDE-4453-B468-454B83DFC9A1}.Debug|Any CPU.Build.0 = Debug|Any CPU
		{6CC5D6E4-8BDE-4453-B468-454B83DFC9A1}.Release|Any CPU.ActiveCfg = Release|Any CPU
		{6CC5D6E4-8BDE-4453-B468-454B83DFC9A1}.Release|Any CPU.Build.0 = Release|Any CPU
		{74F318CD-5D32-4A79-9C38-9808B7B1CBB6}.Debug|Any CPU.ActiveCfg = Debug|Any CPU
		{74F318CD-5D32-4A79-9C38-9808B7B1CBB6}.Debug|Any CPU.Build.0 = Debug|Any CPU
		{74F318CD-5D32-4A79-9C38-9808B7B1CBB6}.Release|Any CPU.ActiveCfg = Release|Any CPU
		{74F318CD-5D32-4A79-9C38-9808B7B1CBB6}.Release|Any CPU.Build.0 = Release|Any CPU
		{BC8D0386-CEF5-4303-BEF1-FF8122FEA7EA}.Debug|Any CPU.ActiveCfg = Debug|Any CPU
		{BC8D0386-CEF5-4303-BEF1-FF8122FEA7EA}.Debug|Any CPU.Build.0 = Debug|Any CPU
		{BC8D0386-CEF5-4303-BEF1-FF8122FEA7EA}.Release|Any CPU.ActiveCfg = Release|Any CPU
		{BC8D0386-CEF5-4303-BEF1-FF8122FEA7EA}.Release|Any CPU.Build.0 = Release|Any CPU
		{758449F8-744A-4110-B914-C37CA188B8C7}.Debug|Any CPU.ActiveCfg = Debug|Any CPU
		{758449F8-744A-4110-B914-C37CA188B8C7}.Debug|Any CPU.Build.0 = Debug|Any CPU
		{758449F8-744A-4110-B914-C37CA188B8C7}.Release|Any CPU.ActiveCfg = Release|Any CPU
		{758449F8-744A-4110-B914-C37CA188B8C7}.Release|Any CPU.Build.0 = Release|Any CPU
		{00FB810C-CA04-49BD-8937-A53CA2FE27E3}.Debug|Any CPU.ActiveCfg = Debug|Any CPU
		{00FB810C-CA04-49BD-8937-A53CA2FE27E3}.Debug|Any CPU.Build.0 = Debug|Any CPU
		{00FB810C-CA04-49BD-8937-A53CA2FE27E3}.Release|Any CPU.ActiveCfg = Release|Any CPU
		{00FB810C-CA04-49BD-8937-A53CA2FE27E3}.Release|Any CPU.Build.0 = Release|Any CPU
		{4BD0EA6B-7245-474F-9571-17E8F696CA90}.Debug|Any CPU.ActiveCfg = Debug|Any CPU
		{4BD0EA6B-7245-474F-9571-17E8F696CA90}.Debug|Any CPU.Build.0 = Debug|Any CPU
		{4BD0EA6B-7245-474F-9571-17E8F696CA90}.Release|Any CPU.ActiveCfg = Release|Any CPU
		{4BD0EA6B-7245-474F-9571-17E8F696CA90}.Release|Any CPU.Build.0 = Release|Any CPU
		{755F96E6-2F5D-4183-925D-B38F09F8A150}.Debug|Any CPU.ActiveCfg = Debug|Any CPU
		{755F96E6-2F5D-4183-925D-B38F09F8A150}.Debug|Any CPU.Build.0 = Debug|Any CPU
		{755F96E6-2F5D-4183-925D-B38F09F8A150}.Release|Any CPU.ActiveCfg = Release|Any CPU
		{755F96E6-2F5D-4183-925D-B38F09F8A150}.Release|Any CPU.Build.0 = Release|Any CPU
		{3A428237-B126-4631-A3B6-E677E927C609}.Debug|Any CPU.ActiveCfg = Debug|Any CPU
		{3A428237-B126-4631-A3B6-E677E927C609}.Debug|Any CPU.Build.0 = Debug|Any CPU
		{3A428237-B126-4631-A3B6-E677E927C609}.Release|Any CPU.ActiveCfg = Release|Any CPU
		{3A428237-B126-4631-A3B6-E677E927C609}.Release|Any CPU.Build.0 = Release|Any CPU
		{2AE70AFA-D398-473F-B63E-3A6DFB9835C9}.Debug|Any CPU.ActiveCfg = Debug|Any CPU
		{2AE70AFA-D398-473F-B63E-3A6DFB9835C9}.Debug|Any CPU.Build.0 = Debug|Any CPU
		{2AE70AFA-D398-473F-B63E-3A6DFB9835C9}.Release|Any CPU.ActiveCfg = Release|Any CPU
		{2AE70AFA-D398-473F-B63E-3A6DFB9835C9}.Release|Any CPU.Build.0 = Release|Any CPU
		{3CC1B44C-1945-467F-BB21-916A2199DD83}.Debug|Any CPU.ActiveCfg = Debug|Any CPU
		{3CC1B44C-1945-467F-BB21-916A2199DD83}.Debug|Any CPU.Build.0 = Debug|Any CPU
		{3CC1B44C-1945-467F-BB21-916A2199DD83}.Release|Any CPU.ActiveCfg = Release|Any CPU
		{3CC1B44C-1945-467F-BB21-916A2199DD83}.Release|Any CPU.Build.0 = Release|Any CPU
		{75F6B104-7F39-400A-AD85-F06158AC746D}.Debug|Any CPU.ActiveCfg = Debug|Any CPU
		{75F6B104-7F39-400A-AD85-F06158AC746D}.Debug|Any CPU.Build.0 = Debug|Any CPU
		{75F6B104-7F39-400A-AD85-F06158AC746D}.Release|Any CPU.ActiveCfg = Release|Any CPU
		{75F6B104-7F39-400A-AD85-F06158AC746D}.Release|Any CPU.Build.0 = Release|Any CPU
		{08B083BE-63B5-4057-954B-639D5A11C3F5}.Debug|Any CPU.ActiveCfg = Debug|Any CPU
		{08B083BE-63B5-4057-954B-639D5A11C3F5}.Debug|Any CPU.Build.0 = Debug|Any CPU
		{08B083BE-63B5-4057-954B-639D5A11C3F5}.Release|Any CPU.ActiveCfg = Release|Any CPU
		{08B083BE-63B5-4057-954B-639D5A11C3F5}.Release|Any CPU.Build.0 = Release|Any CPU
		{107A689B-891E-4659-BF2D-9827D5E33844}.Debug|Any CPU.ActiveCfg = Debug|Any CPU
		{107A689B-891E-4659-BF2D-9827D5E33844}.Debug|Any CPU.Build.0 = Debug|Any CPU
		{107A689B-891E-4659-BF2D-9827D5E33844}.Release|Any CPU.ActiveCfg = Release|Any CPU
		{107A689B-891E-4659-BF2D-9827D5E33844}.Release|Any CPU.Build.0 = Release|Any CPU
	EndGlobalSection
	GlobalSection(SolutionProperties) = preSolution
		HideSolutionNode = FALSE
	EndGlobalSection
	GlobalSection(ExtensibilityGlobals) = postSolution
		SolutionGuid = {076306EA-2FAC-498A-A5E5-E79322C7D114}
	EndGlobalSection
EndGlobal
